// !$*UTF8*$!
{
	archiveVersion = 1;
	classes = {
	};
	objectVersion = 46;
	objects = {

/* Begin PBXBuildFile section */
		22E4247F1D65A67100AACA0A /* AppDelegate.swift in Sources */ = {isa = PBXBuildFile; fileRef = 22E4247E1D65A67100AACA0A /* AppDelegate.swift */; };
		22E424811D65A67100AACA0A /* ViewController.swift in Sources */ = {isa = PBXBuildFile; fileRef = 22E424801D65A67100AACA0A /* ViewController.swift */; };
		22E424841D65A67100AACA0A /* Main.storyboard in Resources */ = {isa = PBXBuildFile; fileRef = 22E424821D65A67100AACA0A /* Main.storyboard */; };
		22E424871D65A67100AACA0A /* Kontakt.xcdatamodeld in Sources */ = {isa = PBXBuildFile; fileRef = 22E424851D65A67100AACA0A /* Kontakt.xcdatamodeld */; };
		22E424891D65A67100AACA0A /* Assets.xcassets in Resources */ = {isa = PBXBuildFile; fileRef = 22E424881D65A67100AACA0A /* Assets.xcassets */; };
		22E4248C1D65A67100AACA0A /* LaunchScreen.storyboard in Resources */ = {isa = PBXBuildFile; fileRef = 22E4248A1D65A67100AACA0A /* LaunchScreen.storyboard */; };
/* End PBXBuildFile section */

/* Begin PBXFileReference section */
		22E4247B1D65A67100AACA0A /* Kontakt.app */ = {isa = PBXFileReference; explicitFileType = wrapper.application; includeInIndex = 0; path = Kontakt.app; sourceTree = BUILT_PRODUCTS_DIR; };
		22E4247E1D65A67100AACA0A /* AppDelegate.swift */ = {isa = PBXFileReference; lastKnownFileType = sourcecode.swift; path = AppDelegate.swift; sourceTree = "<group>"; };
		22E424801D65A67100AACA0A /* ViewController.swift */ = {isa = PBXFileReference; lastKnownFileType = sourcecode.swift; path = ViewController.swift; sourceTree = "<group>"; };
		22E424831D65A67100AACA0A /* Base */ = {isa = PBXFileReference; lastKnownFileType = file.storyboard; name = Base; path = Base.lproj/Main.storyboard; sourceTree = "<group>"; };
		22E424861D65A67100AACA0A /* Kontakt.xcdatamodel */ = {isa = PBXFileReference; lastKnownFileType = wrapper.xcdatamodel; path = Kontakt.xcdatamodel; sourceTree = "<group>"; };
		22E424881D65A67100AACA0A /* Assets.xcassets */ = {isa = PBXFileReference; lastKnownFileType = folder.assetcatalog; path = Assets.xcassets; sourceTree = "<group>"; };
		22E4248B1D65A67100AACA0A /* Base */ = {isa = PBXFileReference; lastKnownFileType = file.storyboard; name = Base; path = Base.lproj/LaunchScreen.storyboard; sourceTree = "<group>"; };
		22E4248D1D65A67100AACA0A /* Info.plist */ = {isa = PBXFileReference; lastKnownFileType = text.plist.xml; path = Info.plist; sourceTree = "<group>"; };
/* End PBXFileReference section */

/* Begin PBXFrameworksBuildPhase section */
		22E424781D65A67100AACA0A /* Frameworks */ = {
			isa = PBXFrameworksBuildPhase;
			buildActionMask = 2147483647;
			files = (
			);
			runOnlyForDeploymentPostprocessing = 0;
		};
/* End PBXFrameworksBuildPhase section */

/* Begin PBXGroup section */
		22E424721D65A67100AACA0A = {
			isa = PBXGroup;
			children = (
				22E4247D1D65A67100AACA0A /* Kontakt */,
				22E4247C1D65A67100AACA0A /* Products */,
			);
			sourceTree = "<group>";
		};
		22E4247C1D65A67100AACA0A /* Products */ = {
			isa = PBXGroup;
			children = (
				22E4247B1D65A67100AACA0A /* Kontakt.app */,
			);
			name = Products;
			sourceTree = "<group>";
		};
		22E4247D1D65A67100AACA0A /* Kontakt */ = {
			isa = PBXGroup;
			children = (
				22E4247E1D65A67100AACA0A /* AppDelegate.swift */,
				22E424801D65A67100AACA0A /* ViewController.swift */,
				22E424821D65A67100AACA0A /* Main.storyboard */,
				22E424881D65A67100AACA0A /* Assets.xcassets */,
				22E4248A1D65A67100AACA0A /* LaunchScreen.storyboard */,
				22E4248D1D65A67100AACA0A /* Info.plist */,
				22E424851D65A67100AACA0A /* Kontakt.xcdatamodeld */,
			);
			path = Kontakt;
			sourceTree = "<group>";
		};
/* End PBXGroup section */

/* Begin PBXNativeTarget section */
		22E4247A1D65A67100AACA0A /* Kontakt */ = {
			isa = PBXNativeTarget;
			buildConfigurationList = 22E424901D65A67100AACA0A /* Build configuration list for PBXNativeTarget "Kontakt" */;
			buildPhases = (
				22E424771D65A67100AACA0A /* Sources */,
				22E424781D65A67100AACA0A /* Frameworks */,
				22E424791D65A67100AACA0A /* Resources */,
			);
			buildRules = (
			);
			dependencies = (
			);
			name = Kontakt;
			productName = Kontakt;
			productReference = 22E4247B1D65A67100AACA0A /* Kontakt.app */;
			productType = "com.apple.product-type.application";
		};
/* End PBXNativeTarget section */

/* Begin PBXProject section */
		22E424731D65A67100AACA0A /* Project object */ = {
			isa = PBXProject;
			attributes = {
				LastSwiftUpdateCheck = 0730;
				LastUpgradeCheck = 0730;
				ORGANIZATIONNAME = Arcopo;
				TargetAttributes = {
					22E4247A1D65A67100AACA0A = {
						CreatedOnToolsVersion = 7.3.1;
					};
				};
			};
			buildConfigurationList = 22E424761D65A67100AACA0A /* Build configuration list for PBXProject "Kontakt" */;
			compatibilityVersion = "Xcode 3.2";
			developmentRegion = English;
			hasScannedForEncodings = 0;
			knownRegions = (
				en,
				Base,
			);
			mainGroup = 22E424721D65A67100AACA0A;
			productRefGroup = 22E4247C1D65A67100AACA0A /* Products */;
			projectDirPath = "";
			projectRoot = "";
			targets = (
				22E4247A1D65A67100AACA0A /* Kontakt */,
			);
		};
/* End PBXProject section */

/* Begin PBXResourcesBuildPhase section */
		22E424791D65A67100AACA0A /* Resources */ = {
			isa = PBXResourcesBuildPhase;
			buildActionMask = 2147483647;
			files = (
				22E4248C1D65A67100AACA0A /* LaunchScreen.storyboard in Resources */,
				22E424891D65A67100AACA0A /* Assets.xcassets in Resources */,
				22E424841D65A67100AACA0A /* Main.storyboard in Resources */,
			);
			runOnlyForDeploymentPostprocessing = 0;
		};
/* End PBXResourcesBuildPhase section */

/* Begin PBXSourcesBuildPhase section */
		22E424771D65A67100AACA0A /* Sources */ = {
			isa = PBXSourcesBuildPhase;
			buildActionMask = 2147483647;
			files = (
				22E424811D65A67100AACA0A /* ViewController.swift in Sources */,
				22E424871D65A67100AACA0A /* Kontakt.xcdatamodeld in Sources */,
				22E4247F1D65A67100AACA0A /* AppDelegate.swift in Sources */,
			);
			runOnlyForDeploymentPostprocessing = 0;
		};
/* End PBXSourcesBuildPhase section */

/* Begin PBXVariantGroup section */
		22E424821D65A67100AACA0A /* Main.storyboard */ = {
			isa = PBXVariantGroup;
			children = (
				22E424831D65A67100AACA0A /* Base */,
			);
			name = Main.storyboard;
			sourceTree = "<group>";
		};
		22E4248A1D65A67100AACA0A /* LaunchScreen.storyboard */ = {
			isa = PBXVariantGroup;
			children = (
				22E4248B1D65A67100AACA0A /* Base */,
			);
			name = LaunchScreen.storyboard;
			sourceTree = "<group>";
		};
/* End PBXVariantGroup section */

/* Begin XCBuildConfiguration section */
		22E4248E1D65A67100AACA0A /* Debug */ = {
			isa = XCBuildConfiguration;
			buildSettings = {
				ALWAYS_SEARCH_USER_PATHS = NO;
				CLANG_ANALYZER_NONNULL = YES;
				CLANG_CXX_LANGUAGE_STANDARD = "gnu++0x";
				CLANG_CXX_LIBRARY = "libc++";
				CLANG_ENABLE_MODULES = YES;
				CLANG_ENABLE_OBJC_ARC = YES;
				CLANG_WARN_BOOL_CONVERSION = YES;
				CLANG_WARN_CONSTANT_CONVERSION = YES;
				CLANG_WARN_DIRECT_OBJC_ISA_USAGE = YES_ERROR;
				CLANG_WARN_EMPTY_BODY = YES;
				CLANG_WARN_ENUM_CONVERSION = YES;
				CLANG_WARN_INT_CONVERSION = YES;
				CLANG_WARN_OBJC_ROOT_CLASS = YES_ERROR;
				CLANG_WARN_UNREACHABLE_CODE = YES;
				CLANG_WARN__DUPLICATE_METHOD_MATCH = YES;
				"CODE_SIGN_IDENTITY[sdk=iphoneos*]" = "iPhone Developer";
				COPY_PHASE_STRIP = NO;
				DEBUG_INFORMATION_FORMAT = dwarf;
				ENABLE_STRICT_OBJC_MSGSEND = YES;
				ENABLE_TESTABILITY = YES;
				GCC_C_LANGUAGE_STANDARD = gnu99;
				GCC_DYNAMIC_NO_PIC = NO;
				GCC_NO_COMMON_BLOCKS = YES;
				GCC_OPTIMIZATION_LEVEL = 0;
				GCC_PREPROCESSOR_DEFINITIONS = (
					"DEBUG=1",
					"$(inherited)",
				);
				GCC_WARN_64_TO_32_BIT_CONVERSION = YES;
				GCC_WARN_ABOUT_RETURN_TYPE = YES_ERROR;
				GCC_WARN_UNDECLARED_SELECTOR = YES;
				GCC_WARN_UNINITIALIZED_AUTOS = YES_AGGRESSIVE;
				GCC_WARN_UNUSED_FUNCTION = YES;
				GCC_WARN_UNUSED_VARIABLE = YES;
				IPHONEOS_DEPLOYMENT_TARGET = 9.3;
				MTL_ENABLE_DEBUG_INFO = YES;
				ONLY_ACTIVE_ARCH = YES;
				SDKROOT = iphoneos;
				SWIFT_OPTIMIZATION_LEVEL = "-Onone";
			};
			name = Debug;
		};
		22E4248F1D65A67100AACA0A /* Release */ = {
			isa = XCBuildConfiguration;
			buildSettings = {
				ALWAYS_SEARCH_USER_PATHS = NO;
				CLANG_ANALYZER_NONNULL = YES;
				CLANG_CXX_LANGUAGE_STANDARD = "gnu++0x";
				CLANG_CXX_LIBRARY = "libc++";
				CLANG_ENABLE_MODULES = YES;
				CLANG_ENABLE_OBJC_ARC = YES;
				CLANG_WARN_BOOL_CONVERSION = YES;
				CLANG_WARN_CONSTANT_CONVERSION = YES;
				CLANG_WARN_DIRECT_OBJC_ISA_USAGE = YES_ERROR;
				CLANG_WARN_EMPTY_BODY = YES;
				CLANG_WARN_ENUM_CONVERSION = YES;
				CLANG_WARN_INT_CONVERSION = YES;
				CLANG_WARN_OBJC_ROOT_CLASS = YES_ERROR;
				CLANG_WARN_UNREACHABLE_CODE = YES;
				CLANG_WARN__DUPLICATE_METHOD_MATCH = YES;
				"CODE_SIGN_IDENTITY[sdk=iphoneos*]" = "iPhone Developer";
				COPY_PHASE_STRIP = NO;
				DEBUG_INFORMATION_FORMAT = "dwarf-with-dsym";
				ENABLE_NS_ASSERTIONS = NO;
				ENABLE_STRICT_OBJC_MSGSEND = YES;
				GCC_C_LANGUAGE_STANDARD = gnu99;
				GCC_NO_COMMON_BLOCKS = YES;
				GCC_WARN_64_TO_32_BIT_CONVERSION = YES;
				GCC_WARN_ABOUT_RETURN_TYPE = YES_ERROR;
				GCC_WARN_UNDECLARED_SELECTOR = YES;
				GCC_WARN_UNINITIALIZED_AUTOS = YES_AGGRESSIVE;
				GCC_WARN_UNUSED_FUNCTION = YES;
				GCC_WARN_UNUSED_VARIABLE = YES;
				IPHONEOS_DEPLOYMENT_TARGET = 9.3;
				MTL_ENABLE_DEBUG_INFO = NO;
				SDKROOT = iphoneos;
				VALIDATE_PRODUCT = YES;
			};
			name = Release;
		};
		22E424911D65A67100AACA0A /* Debug */ = {
			isa = XCBuildConfiguration;
			buildSettings = {
				ASSETCATALOG_COMPILER_APPICON_NAME = AppIcon;
				INFOPLIST_FILE = Kontakt/Info.plist;
				LD_RUNPATH_SEARCH_PATHS = "$(inherited) @executable_path/Frameworks";
				PRODUCT_BUNDLE_IDENTIFIER = com.arcopo.Kontakt;
				PRODUCT_NAME = "$(TARGET_NAME)";
			};
			name = Debug;
		};
		22E424921D65A67100AACA0A /* Release */ = {
			isa = XCBuildConfiguration;
			buildSettings = {
				ASSETCATALOG_COMPILER_APPICON_NAME = AppIcon;
				INFOPLIST_FILE = Kontakt/Info.plist;
				LD_RUNPATH_SEARCH_PATHS = "$(inherited) @executable_path/Frameworks";
				PRODUCT_BUNDLE_IDENTIFIER = com.arcopo.Kontakt;
				PRODUCT_NAME = "$(TARGET_NAME)";
			};
			name = Release;
		};
/* End XCBuildConfiguration section */

/* Begin XCConfigurationList section */
		22E424761D65A67100AACA0A /* Build configuration list for PBXProject "Kontakt" */ = {
			isa = XCConfigurationList;
			buildConfigurations = (
				22E4248E1D65A67100AACA0A /* Debug */,
				22E4248F1D65A67100AACA0A /* Release */,
			);
			defaultConfigurationIsVisible = 0;
			defaultConfigurationName = Release;
		};
		22E424901D65A67100AACA0A /* Build configuration list for PBXNativeTarget "Kontakt" */ = {
			isa = XCConfigurationList;
			buildConfigurations = (
				22E424911D65A67100AACA0A /* Debug */,
				22E424921D65A67100AACA0A /* Release */,
			);
			defaultConfigurationIsVisible = 0;
		};
/* End XCConfigurationList section */

/* Begin XCVersionGroup section */
		22E424851D65A67100AACA0A /* Kontakt.xcdatamodeld */ = {
			isa = XCVersionGroup;
			children = (
				22E424861D65A67100AACA0A /* Kontakt.xcdatamodel */,
			);
			currentVersion = 22E424861D65A67100AACA0A /* Kontakt.xcdatamodel */;
			path = Kontakt.xcdatamodeld;
			sourceTree = "<group>";
			versionGroupType = wrapper.xcdatamodel;
		};
/* End XCVersionGroup section */
	};
	rootObject = 22E424731D65A67100AACA0A /* Project object */;
}
